
Microsoft Visual Studio Solution File, Format Version 12.00
# Visual Studio Version 17
VisualStudioVersion = 17.3.32929.385
MinimumVisualStudioVersion = 10.0.40219.1
Project("{8BC9CEB8-8B4A-11D0-8D11-00A0C91BC942}") = "L2DiscordPresence", "L2DiscordPresence\L2DiscordPresence.vcxproj", "{69B15457-B47D-43AB-9AAB-0021AFBDC0EF}"
EndProject
Global
	GlobalSection(SolutionConfigurationPlatforms) = preSolution
		Debug|x64 = Debug|x64
		Debug|x86 = Debug|x86
		Release|x64 = Release|x64
		Release|x86 = Release|x86
	EndGlobalSection
	GlobalSection(ProjectConfigurationPlatforms) = postSolution
		{69B15457-B47D-43AB-9AAB-0021AFBDC0EF}.Debug|x64.ActiveCfg = Debug|x64
		{69B15457-B47D-43AB-9AAB-0021AFBDC0EF}.Debug|x64.Build.0 = Debug|x64
		{69B15457-B47D-43AB-9AAB-0021AFBDC0EF}.Debug|x86.ActiveCfg = Debug|Win32
		{69B15457-B47D-43AB-9AAB-0021AFBDC0EF}.Debug|x86.Build.0 = Debug|Win32
		{69B15457-B47D-43AB-9AAB-0021AFBDC0EF}.Release|x64.ActiveCfg = Release|x64
		{69B15457-B47D-43AB-9AAB-0021AFBDC0EF}.Release|x64.Build.0 = Release|x64
		{69B15457-B47D-43AB-9AAB-0021AFBDC0EF}.Release|x86.ActiveCfg = Release|Win32
		{69B15457-B47D-43AB-9AAB-0021AFBDC0EF}.Release|x86.Build.0 = Release|Win32
	EndGlobalSection
	GlobalSection(SolutionProperties) = preSolution
		HideSolutionNode = FALSE
	EndGlobalSection
	GlobalSection(ExtensibilityGlobals) = postSolution
		SolutionGuid = {25A3F338-4F31-4A77-BC11-8204D47B4DBB}
	EndGlobalSection
EndGlobal
